// !$*UTF8*$!
{
	archiveVersion = 1;
	classes = {
	};
	objectVersion = 50;
	objects = {

/* Begin PBXBuildFile section */
		B0F0CF242369C81C003FC6A2 /* AppDelegate.swift in Sources */ = {isa = PBXBuildFile; fileRef = B0F0CF232369C81C003FC6A2 /* AppDelegate.swift */; };
		B0F0CF2D2369C822003FC6A2 /* Assets.xcassets in Resources */ = {isa = PBXBuildFile; fileRef = B0F0CF2C2369C822003FC6A2 /* Assets.xcassets */; };
		B0F0CF302369C822003FC6A2 /* LaunchScreen.storyboard in Resources */ = {isa = PBXBuildFile; fileRef = B0F0CF2E2369C822003FC6A2 /* LaunchScreen.storyboard */; };
		B0F0CF3B2369C822003FC6A2 /* LifestyleTests.swift in Sources */ = {isa = PBXBuildFile; fileRef = B0F0CF3A2369C822003FC6A2 /* LifestyleTests.swift */; };
		B0F17D5E236A25410094889F /* CategoriesListAssembler.swift in Sources */ = {isa = PBXBuildFile; fileRef = B0F17D57236A25410094889F /* CategoriesListAssembler.swift */; };
		B0F17D5F236A25410094889F /* CategoriesListEntity.swift in Sources */ = {isa = PBXBuildFile; fileRef = B0F17D58236A25410094889F /* CategoriesListEntity.swift */; };
		B0F17D60236A25410094889F /* CategoriesListInteractor.swift in Sources */ = {isa = PBXBuildFile; fileRef = B0F17D59236A25410094889F /* CategoriesListInteractor.swift */; };
		B0F17D61236A25410094889F /* CategoriesListPresenter.swift in Sources */ = {isa = PBXBuildFile; fileRef = B0F17D5A236A25410094889F /* CategoriesListPresenter.swift */; };
		B0F17D62236A25410094889F /* CategoriesListView.swift in Sources */ = {isa = PBXBuildFile; fileRef = B0F17D5B236A25410094889F /* CategoriesListView.swift */; };
		B0F17D64236A25410094889F /* CategoriesListProtocols.swift in Sources */ = {isa = PBXBuildFile; fileRef = B0F17D5D236A25410094889F /* CategoriesListProtocols.swift */; };
		B0F17D6E236AF8090094889F /* LifeStyleResult.swift in Sources */ = {isa = PBXBuildFile; fileRef = B0F17D6D236AF8090094889F /* LifeStyleResult.swift */; };
		B0F17D70236AF8380094889F /* ComponentParser.swift in Sources */ = {isa = PBXBuildFile; fileRef = B0F17D6F236AF8380094889F /* ComponentParser.swift */; };
		B0F17D73236C224A0094889F /* LifeStyleModels.swift in Sources */ = {isa = PBXBuildFile; fileRef = B0F17D72236C224A0094889F /* LifeStyleModels.swift */; };
		B0F17D75236C82530094889F /* URLBuilder.swift in Sources */ = {isa = PBXBuildFile; fileRef = B0F17D74236C82530094889F /* URLBuilder.swift */; };
		B0F17D81236CAFCB0094889F /* MainCoordinator.swift in Sources */ = {isa = PBXBuildFile; fileRef = B0F17D7F236CAFCB0094889F /* MainCoordinator.swift */; };
		B0F17D82236CAFCB0094889F /* Coordinator.swift in Sources */ = {isa = PBXBuildFile; fileRef = B0F17D80236CAFCB0094889F /* Coordinator.swift */; };
		B0F17D85236CB24F0094889F /* CategoriesListView.xib in Resources */ = {isa = PBXBuildFile; fileRef = B0F17D84236CB24F0094889F /* CategoriesListView.xib */; };
		B0F17D88236CC15F0094889F /* CategoryCell.swift in Sources */ = {isa = PBXBuildFile; fileRef = B0F17D87236CC15F0094889F /* CategoryCell.swift */; };
		B0F17D8A236CD61E0094889F /* CategoryCell.xib in Resources */ = {isa = PBXBuildFile; fileRef = B0F17D89236CD61E0094889F /* CategoryCell.xib */; };
/* End PBXBuildFile section */

/* Begin PBXContainerItemProxy section */
		B0F0CF372369C822003FC6A2 /* PBXContainerItemProxy */ = {
			isa = PBXContainerItemProxy;
			containerPortal = B0F0CF182369C81B003FC6A2 /* Project object */;
			proxyType = 1;
			remoteGlobalIDString = B0F0CF1F2369C81C003FC6A2;
			remoteInfo = Lifestyle;
		};
/* End PBXContainerItemProxy section */

/* Begin PBXFileReference section */
		B0F0CF202369C81C003FC6A2 /* Lifestyle.app */ = {isa = PBXFileReference; explicitFileType = wrapper.application; includeInIndex = 0; path = Lifestyle.app; sourceTree = BUILT_PRODUCTS_DIR; };
		B0F0CF232369C81C003FC6A2 /* AppDelegate.swift */ = {isa = PBXFileReference; lastKnownFileType = sourcecode.swift; path = AppDelegate.swift; sourceTree = "<group>"; };
		B0F0CF2C2369C822003FC6A2 /* Assets.xcassets */ = {isa = PBXFileReference; lastKnownFileType = folder.assetcatalog; path = Assets.xcassets; sourceTree = "<group>"; };
		B0F0CF2F2369C822003FC6A2 /* Base */ = {isa = PBXFileReference; lastKnownFileType = file.storyboard; name = Base; path = Base.lproj/LaunchScreen.storyboard; sourceTree = "<group>"; };
		B0F0CF312369C822003FC6A2 /* Info.plist */ = {isa = PBXFileReference; lastKnownFileType = text.plist.xml; path = Info.plist; sourceTree = "<group>"; };
		B0F0CF362369C822003FC6A2 /* LifestyleTests.xctest */ = {isa = PBXFileReference; explicitFileType = wrapper.cfbundle; includeInIndex = 0; path = LifestyleTests.xctest; sourceTree = BUILT_PRODUCTS_DIR; };
		B0F0CF3A2369C822003FC6A2 /* LifestyleTests.swift */ = {isa = PBXFileReference; lastKnownFileType = sourcecode.swift; path = LifestyleTests.swift; sourceTree = "<group>"; };
		B0F0CF3C2369C822003FC6A2 /* Info.plist */ = {isa = PBXFileReference; lastKnownFileType = text.plist.xml; path = Info.plist; sourceTree = "<group>"; };
		B0F17D57236A25410094889F /* CategoriesListAssembler.swift */ = {isa = PBXFileReference; fileEncoding = 4; lastKnownFileType = sourcecode.swift; path = CategoriesListAssembler.swift; sourceTree = "<group>"; };
		B0F17D58236A25410094889F /* CategoriesListEntity.swift */ = {isa = PBXFileReference; fileEncoding = 4; lastKnownFileType = sourcecode.swift; path = CategoriesListEntity.swift; sourceTree = "<group>"; };
		B0F17D59236A25410094889F /* CategoriesListInteractor.swift */ = {isa = PBXFileReference; fileEncoding = 4; lastKnownFileType = sourcecode.swift; path = CategoriesListInteractor.swift; sourceTree = "<group>"; };
		B0F17D5A236A25410094889F /* CategoriesListPresenter.swift */ = {isa = PBXFileReference; fileEncoding = 4; lastKnownFileType = sourcecode.swift; path = CategoriesListPresenter.swift; sourceTree = "<group>"; };
		B0F17D5B236A25410094889F /* CategoriesListView.swift */ = {isa = PBXFileReference; fileEncoding = 4; lastKnownFileType = sourcecode.swift; path = CategoriesListView.swift; sourceTree = "<group>"; };
		B0F17D5D236A25410094889F /* CategoriesListProtocols.swift */ = {isa = PBXFileReference; fileEncoding = 4; lastKnownFileType = sourcecode.swift; path = CategoriesListProtocols.swift; sourceTree = "<group>"; };
		B0F17D6D236AF8090094889F /* LifeStyleResult.swift */ = {isa = PBXFileReference; lastKnownFileType = sourcecode.swift; path = LifeStyleResult.swift; sourceTree = "<group>"; };
		B0F17D6F236AF8380094889F /* ComponentParser.swift */ = {isa = PBXFileReference; lastKnownFileType = sourcecode.swift; path = ComponentParser.swift; sourceTree = "<group>"; };
		B0F17D72236C224A0094889F /* LifeStyleModels.swift */ = {isa = PBXFileReference; lastKnownFileType = sourcecode.swift; path = LifeStyleModels.swift; sourceTree = "<group>"; };
		B0F17D74236C82530094889F /* URLBuilder.swift */ = {isa = PBXFileReference; lastKnownFileType = sourcecode.swift; path = URLBuilder.swift; sourceTree = "<group>"; };
		B0F17D7F236CAFCB0094889F /* MainCoordinator.swift */ = {isa = PBXFileReference; fileEncoding = 4; lastKnownFileType = sourcecode.swift; path = MainCoordinator.swift; sourceTree = "<group>"; };
		B0F17D80236CAFCB0094889F /* Coordinator.swift */ = {isa = PBXFileReference; fileEncoding = 4; lastKnownFileType = sourcecode.swift; path = Coordinator.swift; sourceTree = "<group>"; };
		B0F17D84236CB24F0094889F /* CategoriesListView.xib */ = {isa = PBXFileReference; fileEncoding = 4; lastKnownFileType = file.xib; path = CategoriesListView.xib; sourceTree = "<group>"; };
		B0F17D87236CC15F0094889F /* CategoryCell.swift */ = {isa = PBXFileReference; lastKnownFileType = sourcecode.swift; path = CategoryCell.swift; sourceTree = "<group>"; };
		B0F17D89236CD61E0094889F /* CategoryCell.xib */ = {isa = PBXFileReference; lastKnownFileType = file.xib; path = CategoryCell.xib; sourceTree = "<group>"; };
/* End PBXFileReference section */

/* Begin PBXFrameworksBuildPhase section */
		B0F0CF1D2369C81C003FC6A2 /* Frameworks */ = {
			isa = PBXFrameworksBuildPhase;
			buildActionMask = 2147483647;
			files = (
			);
			runOnlyForDeploymentPostprocessing = 0;
		};
		B0F0CF332369C822003FC6A2 /* Frameworks */ = {
			isa = PBXFrameworksBuildPhase;
			buildActionMask = 2147483647;
			files = (
			);
			runOnlyForDeploymentPostprocessing = 0;
		};
/* End PBXFrameworksBuildPhase section */

/* Begin PBXGroup section */
		B0F0CF172369C81B003FC6A2 = {
			isa = PBXGroup;
			children = (
				B0F0CF222369C81C003FC6A2 /* Lifestyle */,
				B0F0CF392369C822003FC6A2 /* LifestyleTests */,
				B0F0CF212369C81C003FC6A2 /* Products */,
			);
			sourceTree = "<group>";
		};
		B0F0CF212369C81C003FC6A2 /* Products */ = {
			isa = PBXGroup;
			children = (
				B0F0CF202369C81C003FC6A2 /* Lifestyle.app */,
				B0F0CF362369C822003FC6A2 /* LifestyleTests.xctest */,
			);
			name = Products;
			sourceTree = "<group>";
		};
		B0F0CF222369C81C003FC6A2 /* Lifestyle */ = {
			isa = PBXGroup;
			children = (
				B0F0CF232369C81C003FC6A2 /* AppDelegate.swift */,
				B0F17D83236CB02A0094889F /* Common */,
				B0F17D7E236CAFCB0094889F /* Coordinators */,
				B0F17D6C236AF7350094889F /* Networking */,
				B0F17D482369D3C10094889F /* Scene */,
				B0F0CF2C2369C822003FC6A2 /* Assets.xcassets */,
				B0F0CF2E2369C822003FC6A2 /* LaunchScreen.storyboard */,
				B0F0CF312369C822003FC6A2 /* Info.plist */,
			);
			path = Lifestyle;
			sourceTree = "<group>";
		};
		B0F0CF392369C822003FC6A2 /* LifestyleTests */ = {
			isa = PBXGroup;
			children = (
				B0F0CF3A2369C822003FC6A2 /* LifestyleTests.swift */,
				B0F0CF3C2369C822003FC6A2 /* Info.plist */,
			);
			path = LifestyleTests;
			sourceTree = "<group>";
		};
		B0F17D482369D3C10094889F /* Scene */ = {
			isa = PBXGroup;
			children = (
				B0F17D71236C11B00094889F /* CategoriesList */,
			);
			path = Scene;
			sourceTree = "<group>";
		};
		B0F17D6C236AF7350094889F /* Networking */ = {
			isa = PBXGroup;
			children = (
				B0F17D6D236AF8090094889F /* LifeStyleResult.swift */,
				B0F17D6F236AF8380094889F /* ComponentParser.swift */,
				B0F17D72236C224A0094889F /* LifeStyleModels.swift */,
			);
			path = Networking;
			sourceTree = "<group>";
		};
		B0F17D71236C11B00094889F /* CategoriesList */ = {
			isa = PBXGroup;
			children = (
				B0F17D86236CC1410094889F /* Cell  */,
				B0F17D57236A25410094889F /* CategoriesListAssembler.swift */,
				B0F17D58236A25410094889F /* CategoriesListEntity.swift */,
				B0F17D59236A25410094889F /* CategoriesListInteractor.swift */,
				B0F17D5A236A25410094889F /* CategoriesListPresenter.swift */,
				B0F17D5D236A25410094889F /* CategoriesListProtocols.swift */,
				B0F17D5B236A25410094889F /* CategoriesListView.swift */,
				B0F17D84236CB24F0094889F /* CategoriesListView.xib */,
			);
			path = CategoriesList;
			sourceTree = "<group>";
		};
		B0F17D7E236CAFCB0094889F /* Coordinators */ = {
			isa = PBXGroup;
			children = (
				B0F17D80236CAFCB0094889F /* Coordinator.swift */,
				B0F17D7F236CAFCB0094889F /* MainCoordinator.swift */,
			);
			path = Coordinators;
			sourceTree = "<group>";
		};
		B0F17D83236CB02A0094889F /* Common */ = {
			isa = PBXGroup;
			children = (
				B0F17D74236C82530094889F /* URLBuilder.swift */,
			);
			path = Common;
			sourceTree = "<group>";
		};
		B0F17D86236CC1410094889F /* Cell  */ = {
			isa = PBXGroup;
			children = (
				B0F17D87236CC15F0094889F /* CategoryCell.swift */,
				B0F17D89236CD61E0094889F /* CategoryCell.xib */,
			);
			path = "Cell ";
			sourceTree = "<group>";
		};
/* End PBXGroup section */

/* Begin PBXNativeTarget section */
		B0F0CF1F2369C81C003FC6A2 /* Lifestyle */ = {
			isa = PBXNativeTarget;
			buildConfigurationList = B0F0CF3F2369C822003FC6A2 /* Build configuration list for PBXNativeTarget "Lifestyle" */;
			buildPhases = (
				B0F0CF1C2369C81C003FC6A2 /* Sources */,
				B0F0CF1D2369C81C003FC6A2 /* Frameworks */,
				B0F0CF1E2369C81C003FC6A2 /* Resources */,
			);
			buildRules = (
			);
			dependencies = (
			);
			name = Lifestyle;
			productName = Lifestyle;
			productReference = B0F0CF202369C81C003FC6A2 /* Lifestyle.app */;
			productType = "com.apple.product-type.application";
		};
		B0F0CF352369C822003FC6A2 /* LifestyleTests */ = {
			isa = PBXNativeTarget;
			buildConfigurationList = B0F0CF422369C822003FC6A2 /* Build configuration list for PBXNativeTarget "LifestyleTests" */;
			buildPhases = (
				B0F0CF322369C822003FC6A2 /* Sources */,
				B0F0CF332369C822003FC6A2 /* Frameworks */,
				B0F0CF342369C822003FC6A2 /* Resources */,
			);
			buildRules = (
			);
			dependencies = (
				B0F0CF382369C822003FC6A2 /* PBXTargetDependency */,
			);
			name = LifestyleTests;
			productName = LifestyleTests;
			productReference = B0F0CF362369C822003FC6A2 /* LifestyleTests.xctest */;
			productType = "com.apple.product-type.bundle.unit-test";
		};
/* End PBXNativeTarget section */

/* Begin PBXProject section */
		B0F0CF182369C81B003FC6A2 /* Project object */ = {
			isa = PBXProject;
			attributes = {
				LastSwiftUpdateCheck = 1100;
				LastUpgradeCheck = 1100;
				ORGANIZATIONNAME = "Shankar Aware";
				TargetAttributes = {
					B0F0CF1F2369C81C003FC6A2 = {
						CreatedOnToolsVersion = 11.0;
					};
					B0F0CF352369C822003FC6A2 = {
						CreatedOnToolsVersion = 11.0;
						TestTargetID = B0F0CF1F2369C81C003FC6A2;
					};
				};
			};
			buildConfigurationList = B0F0CF1B2369C81B003FC6A2 /* Build configuration list for PBXProject "Lifestyle" */;
			compatibilityVersion = "Xcode 9.3";
			developmentRegion = en;
			hasScannedForEncodings = 0;
			knownRegions = (
				en,
				Base,
			);
			mainGroup = B0F0CF172369C81B003FC6A2;
			productRefGroup = B0F0CF212369C81C003FC6A2 /* Products */;
			projectDirPath = "";
			projectRoot = "";
			targets = (
				B0F0CF1F2369C81C003FC6A2 /* Lifestyle */,
				B0F0CF352369C822003FC6A2 /* LifestyleTests */,
			);
		};
/* End PBXProject section */

/* Begin PBXResourcesBuildPhase section */
		B0F0CF1E2369C81C003FC6A2 /* Resources */ = {
			isa = PBXResourcesBuildPhase;
			buildActionMask = 2147483647;
			files = (
				B0F0CF302369C822003FC6A2 /* LaunchScreen.storyboard in Resources */,
				B0F17D85236CB24F0094889F /* CategoriesListView.xib in Resources */,
				B0F0CF2D2369C822003FC6A2 /* Assets.xcassets in Resources */,
				B0F17D8A236CD61E0094889F /* CategoryCell.xib in Resources */,
			);
			runOnlyForDeploymentPostprocessing = 0;
		};
		B0F0CF342369C822003FC6A2 /* Resources */ = {
			isa = PBXResourcesBuildPhase;
			buildActionMask = 2147483647;
			files = (
			);
			runOnlyForDeploymentPostprocessing = 0;
		};
/* End PBXResourcesBuildPhase section */

/* Begin PBXSourcesBuildPhase section */
		B0F0CF1C2369C81C003FC6A2 /* Sources */ = {
			isa = PBXSourcesBuildPhase;
			buildActionMask = 2147483647;
			files = (
				B0F17D6E236AF8090094889F /* LifeStyleResult.swift in Sources */,
				B0F17D60236A25410094889F /* CategoriesListInteractor.swift in Sources */,
				B0F17D61236A25410094889F /* CategoriesListPresenter.swift in Sources */,
				B0F17D64236A25410094889F /* CategoriesListProtocols.swift in Sources */,
				B0F17D75236C82530094889F /* URLBuilder.swift in Sources */,
				B0F17D82236CAFCB0094889F /* Coordinator.swift in Sources */,
				B0F17D73236C224A0094889F /* LifeStyleModels.swift in Sources */,
				B0F17D5E236A25410094889F /* CategoriesListAssembler.swift in Sources */,
				B0F17D5F236A25410094889F /* CategoriesListEntity.swift in Sources */,
				B0F17D62236A25410094889F /* CategoriesListView.swift in Sources */,
				B0F17D81236CAFCB0094889F /* MainCoordinator.swift in Sources */,
				B0F0CF242369C81C003FC6A2 /* AppDelegate.swift in Sources */,
				B0F17D70236AF8380094889F /* ComponentParser.swift in Sources */,
				B0F17D88236CC15F0094889F /* CategoryCell.swift in Sources */,
			);
			runOnlyForDeploymentPostprocessing = 0;
		};
		B0F0CF322369C822003FC6A2 /* Sources */ = {
			isa = PBXSourcesBuildPhase;
			buildActionMask = 2147483647;
			files = (
				B0F0CF3B2369C822003FC6A2 /* LifestyleTests.swift in Sources */,
			);
			runOnlyForDeploymentPostprocessing = 0;
		};
/* End PBXSourcesBuildPhase section */

/* Begin PBXTargetDependency section */
		B0F0CF382369C822003FC6A2 /* PBXTargetDependency */ = {
			isa = PBXTargetDependency;
			target = B0F0CF1F2369C81C003FC6A2 /* Lifestyle */;
			targetProxy = B0F0CF372369C822003FC6A2 /* PBXContainerItemProxy */;
		};
/* End PBXTargetDependency section */

/* Begin PBXVariantGroup section */
		B0F0CF2E2369C822003FC6A2 /* LaunchScreen.storyboard */ = {
			isa = PBXVariantGroup;
			children = (
				B0F0CF2F2369C822003FC6A2 /* Base */,
			);
			name = LaunchScreen.storyboard;
			sourceTree = "<group>";
		};
/* End PBXVariantGroup section */

/* Begin XCBuildConfiguration section */
		B0F0CF3D2369C822003FC6A2 /* Debug */ = {
			isa = XCBuildConfiguration;
			buildSettings = {
				ALWAYS_SEARCH_USER_PATHS = NO;
				CLANG_ANALYZER_NONNULL = YES;
				CLANG_ANALYZER_NUMBER_OBJECT_CONVERSION = YES_AGGRESSIVE;
				CLANG_CXX_LANGUAGE_STANDARD = "gnu++14";
				CLANG_CXX_LIBRARY = "libc++";
				CLANG_ENABLE_MODULES = YES;
				CLANG_ENABLE_OBJC_ARC = YES;
				CLANG_ENABLE_OBJC_WEAK = YES;
				CLANG_WARN_BLOCK_CAPTURE_AUTORELEASING = YES;
				CLANG_WARN_BOOL_CONVERSION = YES;
				CLANG_WARN_COMMA = YES;
				CLANG_WARN_CONSTANT_CONVERSION = YES;
				CLANG_WARN_DEPRECATED_OBJC_IMPLEMENTATIONS = YES;
				CLANG_WARN_DIRECT_OBJC_ISA_USAGE = YES_ERROR;
				CLANG_WARN_DOCUMENTATION_COMMENTS = YES;
				CLANG_WARN_EMPTY_BODY = YES;
				CLANG_WARN_ENUM_CONVERSION = YES;
				CLANG_WARN_INFINITE_RECURSION = YES;
				CLANG_WARN_INT_CONVERSION = YES;
				CLANG_WARN_NON_LITERAL_NULL_CONVERSION = YES;
				CLANG_WARN_OBJC_IMPLICIT_RETAIN_SELF = YES;
				CLANG_WARN_OBJC_LITERAL_CONVERSION = YES;
				CLANG_WARN_OBJC_ROOT_CLASS = YES_ERROR;
				CLANG_WARN_RANGE_LOOP_ANALYSIS = YES;
				CLANG_WARN_STRICT_PROTOTYPES = YES;
				CLANG_WARN_SUSPICIOUS_MOVE = YES;
				CLANG_WARN_UNGUARDED_AVAILABILITY = YES_AGGRESSIVE;
				CLANG_WARN_UNREACHABLE_CODE = YES;
				CLANG_WARN__DUPLICATE_METHOD_MATCH = YES;
				COPY_PHASE_STRIP = NO;
				DEBUG_INFORMATION_FORMAT = dwarf;
				ENABLE_STRICT_OBJC_MSGSEND = YES;
				ENABLE_TESTABILITY = YES;
				GCC_C_LANGUAGE_STANDARD = gnu11;
				GCC_DYNAMIC_NO_PIC = NO;
				GCC_NO_COMMON_BLOCKS = YES;
				GCC_OPTIMIZATION_LEVEL = 0;
				GCC_PREPROCESSOR_DEFINITIONS = (
					"DEBUG=1",
					"$(inherited)",
				);
				GCC_WARN_64_TO_32_BIT_CONVERSION = YES;
				GCC_WARN_ABOUT_RETURN_TYPE = YES_ERROR;
				GCC_WARN_UNDECLARED_SELECTOR = YES;
				GCC_WARN_UNINITIALIZED_AUTOS = YES_AGGRESSIVE;
				GCC_WARN_UNUSED_FUNCTION = YES;
				GCC_WARN_UNUSED_VARIABLE = YES;
				IPHONEOS_DEPLOYMENT_TARGET = 13.0;
				MTL_ENABLE_DEBUG_INFO = INCLUDE_SOURCE;
				MTL_FAST_MATH = YES;
				ONLY_ACTIVE_ARCH = YES;
				SDKROOT = iphoneos;
				SWIFT_ACTIVE_COMPILATION_CONDITIONS = DEBUG;
				SWIFT_OPTIMIZATION_LEVEL = "-Onone";
			};
			name = Debug;
		};
		B0F0CF3E2369C822003FC6A2 /* Release */ = {
			isa = XCBuildConfiguration;
			buildSettings = {
				ALWAYS_SEARCH_USER_PATHS = NO;
				CLANG_ANALYZER_NONNULL = YES;
				CLANG_ANALYZER_NUMBER_OBJECT_CONVERSION = YES_AGGRESSIVE;
				CLANG_CXX_LANGUAGE_STANDARD = "gnu++14";
				CLANG_CXX_LIBRARY = "libc++";
				CLANG_ENABLE_MODULES = YES;
				CLANG_ENABLE_OBJC_ARC = YES;
				CLANG_ENABLE_OBJC_WEAK = YES;
				CLANG_WARN_BLOCK_CAPTURE_AUTORELEASING = YES;
				CLANG_WARN_BOOL_CONVERSION = YES;
				CLANG_WARN_COMMA = YES;
				CLANG_WARN_CONSTANT_CONVERSION = YES;
				CLANG_WARN_DEPRECATED_OBJC_IMPLEMENTATIONS = YES;
				CLANG_WARN_DIRECT_OBJC_ISA_USAGE = YES_ERROR;
				CLANG_WARN_DOCUMENTATION_COMMENTS = YES;
				CLANG_WARN_EMPTY_BODY = YES;
				CLANG_WARN_ENUM_CONVERSION = YES;
				CLANG_WARN_INFINITE_RECURSION = YES;
				CLANG_WARN_INT_CONVERSION = YES;
				CLANG_WARN_NON_LITERAL_NULL_CONVERSION = YES;
				CLANG_WARN_OBJC_IMPLICIT_RETAIN_SELF = YES;
				CLANG_WARN_OBJC_LITERAL_CONVERSION = YES;
				CLANG_WARN_OBJC_ROOT_CLASS = YES_ERROR;
				CLANG_WARN_RANGE_LOOP_ANALYSIS = YES;
				CLANG_WARN_STRICT_PROTOTYPES = YES;
				CLANG_WARN_SUSPICIOUS_MOVE = YES;
				CLANG_WARN_UNGUARDED_AVAILABILITY = YES_AGGRESSIVE;
				CLANG_WARN_UNREACHABLE_CODE = YES;
				CLANG_WARN__DUPLICATE_METHOD_MATCH = YES;
				COPY_PHASE_STRIP = NO;
				DEBUG_INFORMATION_FORMAT = "dwarf-with-dsym";
				ENABLE_NS_ASSERTIONS = NO;
				ENABLE_STRICT_OBJC_MSGSEND = YES;
				GCC_C_LANGUAGE_STANDARD = gnu11;
				GCC_NO_COMMON_BLOCKS = YES;
				GCC_WARN_64_TO_32_BIT_CONVERSION = YES;
				GCC_WARN_ABOUT_RETURN_TYPE = YES_ERROR;
				GCC_WARN_UNDECLARED_SELECTOR = YES;
				GCC_WARN_UNINITIALIZED_AUTOS = YES_AGGRESSIVE;
				GCC_WARN_UNUSED_FUNCTION = YES;
				GCC_WARN_UNUSED_VARIABLE = YES;
				IPHONEOS_DEPLOYMENT_TARGET = 13.0;
				MTL_ENABLE_DEBUG_INFO = NO;
				MTL_FAST_MATH = YES;
				SDKROOT = iphoneos;
				SWIFT_COMPILATION_MODE = wholemodule;
				SWIFT_OPTIMIZATION_LEVEL = "-O";
				VALIDATE_PRODUCT = YES;
			};
			name = Release;
		};
		B0F0CF402369C822003FC6A2 /* Debug */ = {
			isa = XCBuildConfiguration;
			buildSettings = {
				ASSETCATALOG_COMPILER_APPICON_NAME = AppIcon;
				CODE_SIGN_STYLE = Automatic;
				INFOPLIST_FILE = Lifestyle/Info.plist;
				IPHONEOS_DEPLOYMENT_TARGET = 12.2;
				LD_RUNPATH_SEARCH_PATHS = (
					"$(inherited)",
					"@executable_path/Frameworks",
				);
				PRODUCT_BUNDLE_IDENTIFIER = com.Lifestyle;
				PRODUCT_NAME = "$(TARGET_NAME)";
				SWIFT_VERSION = 5.0;
				TARGETED_DEVICE_FAMILY = 1;
			};
			name = Debug;
		};
		B0F0CF412369C822003FC6A2 /* Release */ = {
			isa = XCBuildConfiguration;
			buildSettings = {
				ASSETCATALOG_COMPILER_APPICON_NAME = AppIcon;
				CODE_SIGN_STYLE = Automatic;
				INFOPLIST_FILE = Lifestyle/Info.plist;
				IPHONEOS_DEPLOYMENT_TARGET = 12.2;
				LD_RUNPATH_SEARCH_PATHS = (
					"$(inherited)",
					"@executable_path/Frameworks",
				);
				PRODUCT_BUNDLE_IDENTIFIER = com.Lifestyle;
				PRODUCT_NAME = "$(TARGET_NAME)";
				SWIFT_VERSION = 5.0;
				TARGETED_DEVICE_FAMILY = 1;
			};
			name = Release;
		};
		B0F0CF432369C822003FC6A2 /* Debug */ = {
			isa = XCBuildConfiguration;
			buildSettings = {
				ALWAYS_EMBED_SWIFT_STANDARD_LIBRARIES = YES;
				BUNDLE_LOADER = "$(TEST_HOST)";
				CODE_SIGN_STYLE = Automatic;
				INFOPLIST_FILE = LifestyleTests/Info.plist;
				IPHONEOS_DEPLOYMENT_TARGET = 13.0;
				LD_RUNPATH_SEARCH_PATHS = (
					"$(inherited)",
					"@executable_path/Frameworks",
					"@loader_path/Frameworks",
				);
				PRODUCT_BUNDLE_IDENTIFIER = com.LifestyleTests;
				PRODUCT_NAME = "$(TARGET_NAME)";
				SWIFT_VERSION = 5.0;
				TARGETED_DEVICE_FAMILY = "1,2";
				TEST_HOST = "$(BUILT_PRODUCTS_DIR)/Lifestyle.app/Lifestyle";
			};
			name = Debug;
		};
		B0F0CF442369C822003FC6A2 /* Release */ = {
			isa = XCBuildConfiguration;
			buildSettings = {
				ALWAYS_EMBED_SWIFT_STANDARD_LIBRARIES = YES;
				BUNDLE_LOADER = "$(TEST_HOST)";
				CODE_SIGN_STYLE = Automatic;
				INFOPLIST_FILE = LifestyleTests/Info.plist;
				IPHONEOS_DEPLOYMENT_TARGET = 13.0;
				LD_RUNPATH_SEARCH_PATHS = (
					"$(inherited)",
					"@executable_path/Frameworks",
					"@loader_path/Frameworks",
				);
				PRODUCT_BUNDLE_IDENTIFIER = com.LifestyleTests;
				PRODUCT_NAME = "$(TARGET_NAME)";
				SWIFT_VERSION = 5.0;
				TARGETED_DEVICE_FAMILY = "1,2";
				TEST_HOST = "$(BUILT_PRODUCTS_DIR)/Lifestyle.app/Lifestyle";
			};
			name = Release;
		};
/* End XCBuildConfiguration section */

/* Begin XCConfigurationList section */
		B0F0CF1B2369C81B003FC6A2 /* Build configuration list for PBXProject "Lifestyle" */ = {
			isa = XCConfigurationList;
			buildConfigurations = (
				B0F0CF3D2369C822003FC6A2 /* Debug */,
				B0F0CF3E2369C822003FC6A2 /* Release */,
			);
			defaultConfigurationIsVisible = 0;
			defaultConfigurationName = Release;
		};
		B0F0CF3F2369C822003FC6A2 /* Build configuration list for PBXNativeTarget "Lifestyle" */ = {
			isa = XCConfigurationList;
			buildConfigurations = (
				B0F0CF402369C822003FC6A2 /* Debug */,
				B0F0CF412369C822003FC6A2 /* Release */,
			);
			defaultConfigurationIsVisible = 0;
			defaultConfigurationName = Release;
		};
		B0F0CF422369C822003FC6A2 /* Build configuration list for PBXNativeTarget "LifestyleTests" */ = {
			isa = XCConfigurationList;
			buildConfigurations = (
				B0F0CF432369C822003FC6A2 /* Debug */,
				B0F0CF442369C822003FC6A2 /* Release */,
			);
			defaultConfigurationIsVisible = 0;
			defaultConfigurationName = Release;
		};
/* End XCConfigurationList section */
	};
	rootObject = B0F0CF182369C81B003FC6A2 /* Project object */;
}
